
Microsoft Visual Studio Solution File, Format Version 12.00
# Visual Studio 15
VisualStudioVersion = 15.0.28010.2048
MinimumVisualStudioVersion = 10.0.40219.1
Project("{9A19103F-16F7-4668-BE54-9A1E7A4F7556}") = "LiteGui", "LiteGui\LiteGui.csproj", "{00330D1C-AD4C-4706-8972-35F294A652DD}"
EndProject
Project("{FAE04EC0-301F-11D3-BF4B-00C04F79EFBC}") = "LiteGuiDemo", "LiteGuiDemo\LiteGuiDemo.csproj", "{78E13063-50CA-43FC-A80D-4D5A0E1BFC4D}"
EndProject
Global
	GlobalSection(SolutionConfigurationPlatforms) = preSolution
		Debug|Any CPU = Debug|Any CPU
		Release|Any CPU = Release|Any CPU
	EndGlobalSection
	GlobalSection(ProjectConfigurationPlatforms) = postSolution
		{00330D1C-AD4C-4706-8972-35F294A652DD}.Debug|Any CPU.ActiveCfg = Debug|Any CPU
		{00330D1C-AD4C-4706-8972-35F294A652DD}.Debug|Any CPU.Build.0 = Debug|Any CPU
		{00330D1C-AD4C-4706-8972-35F294A652DD}.Release|Any CPU.ActiveCfg = Release|Any CPU
		{00330D1C-AD4C-4706-8972-35F294A652DD}.Release|Any CPU.Build.0 = Release|Any CPU
		{78E13063-50CA-43FC-A80D-4D5A0E1BFC4D}.Debug|Any CPU.ActiveCfg = Debug|Any CPU
		{78E13063-50CA-43FC-A80D-4D5A0E1BFC4D}.Debug|Any CPU.Build.0 = Debug|Any CPU
		{78E13063-50CA-43FC-A80D-4D5A0E1BFC4D}.Release|Any CPU.ActiveCfg = Release|Any CPU
		{78E13063-50CA-43FC-A80D-4D5A0E1BFC4D}.Release|Any CPU.Build.0 = Release|Any CPU
	EndGlobalSection
	GlobalSection(SolutionProperties) = preSolution
		HideSolutionNode = FALSE
	EndGlobalSection
	GlobalSection(ExtensibilityGlobals) = postSolution
		SolutionGuid = {EF7DD8F7-544D-4B3B-A136-9C61630EEDAE}
	EndGlobalSection
EndGlobal
